// !$*UTF8*$!
{
	archiveVersion = 1;
	classes = {
	};
	objectVersion = 46;
	objects = {

/* Begin PBXBuildFile section */
		A718CC101EFE63E60059C1CA /* AppDelegate.swift in Sources */ = {isa = PBXBuildFile; fileRef = A718CC0F1EFE63E60059C1CA /* AppDelegate.swift */; };
		A718CC121EFE63E60059C1CA /* ViewController.swift in Sources */ = {isa = PBXBuildFile; fileRef = A718CC111EFE63E60059C1CA /* ViewController.swift */; };
		A718CC151EFE63E60059C1CA /* Main.storyboard in Resources */ = {isa = PBXBuildFile; fileRef = A718CC131EFE63E60059C1CA /* Main.storyboard */; };
		A718CC171EFE63E60059C1CA /* Assets.xcassets in Resources */ = {isa = PBXBuildFile; fileRef = A718CC161EFE63E60059C1CA /* Assets.xcassets */; };
		A718CC1A1EFE63E60059C1CA /* LaunchScreen.storyboard in Resources */ = {isa = PBXBuildFile; fileRef = A718CC181EFE63E60059C1CA /* LaunchScreen.storyboard */; };
/* End PBXBuildFile section */

/* Begin PBXFileReference section */
		A718CC0C1EFE63E60059C1CA /* CameraPhotoLibray.app */ = {isa = PBXFileReference; explicitFileType = wrapper.application; includeInIndex = 0; path = CameraPhotoLibray.app; sourceTree = BUILT_PRODUCTS_DIR; };
		A718CC0F1EFE63E60059C1CA /* AppDelegate.swift */ = {isa = PBXFileReference; lastKnownFileType = sourcecode.swift; path = AppDelegate.swift; sourceTree = "<group>"; };
		A718CC111EFE63E60059C1CA /* ViewController.swift */ = {isa = PBXFileReference; lastKnownFileType = sourcecode.swift; path = ViewController.swift; sourceTree = "<group>"; };
		A718CC141EFE63E60059C1CA /* Base */ = {isa = PBXFileReference; lastKnownFileType = file.storyboard; name = Base; path = Base.lproj/Main.storyboard; sourceTree = "<group>"; };
		A718CC161EFE63E60059C1CA /* Assets.xcassets */ = {isa = PBXFileReference; lastKnownFileType = folder.assetcatalog; path = Assets.xcassets; sourceTree = "<group>"; };
		A718CC191EFE63E60059C1CA /* Base */ = {isa = PBXFileReference; lastKnownFileType = file.storyboard; name = Base; path = Base.lproj/LaunchScreen.storyboard; sourceTree = "<group>"; };
		A718CC1B1EFE63E60059C1CA /* Info.plist */ = {isa = PBXFileReference; lastKnownFileType = text.plist.xml; path = Info.plist; sourceTree = "<group>"; };
/* End PBXFileReference section */

/* Begin PBXFrameworksBuildPhase section */
		A718CC091EFE63E60059C1CA /* Frameworks */ = {
			isa = PBXFrameworksBuildPhase;
			buildActionMask = 2147483647;
			files = (
			);
			runOnlyForDeploymentPostprocessing = 0;
		};
/* End PBXFrameworksBuildPhase section */

/* Begin PBXGroup section */
		A718CC031EFE63E60059C1CA = {
			isa = PBXGroup;
			children = (
				A718CC0E1EFE63E60059C1CA /* CameraPhotoLibray */,
				A718CC0D1EFE63E60059C1CA /* Products */,
			);
			sourceTree = "<group>";
		};
		A718CC0D1EFE63E60059C1CA /* Products */ = {
			isa = PBXGroup;
			children = (
				A718CC0C1EFE63E60059C1CA /* CameraPhotoLibray.app */,
			);
			name = Products;
			sourceTree = "<group>";
		};
		A718CC0E1EFE63E60059C1CA /* CameraPhotoLibray */ = {
			isa = PBXGroup;
			children = (
				A718CC0F1EFE63E60059C1CA /* AppDelegate.swift */,
				A718CC111EFE63E60059C1CA /* ViewController.swift */,
				A718CC131EFE63E60059C1CA /* Main.storyboard */,
				A718CC161EFE63E60059C1CA /* Assets.xcassets */,
				A718CC181EFE63E60059C1CA /* LaunchScreen.storyboard */,
				A718CC1B1EFE63E60059C1CA /* Info.plist */,
			);
			path = CameraPhotoLibray;
			sourceTree = "<group>";
		};
/* End PBXGroup section */

/* Begin PBXNativeTarget section */
		A718CC0B1EFE63E60059C1CA /* CameraPhotoLibray */ = {
			isa = PBXNativeTarget;
			buildConfigurationList = A718CC1E1EFE63E60059C1CA /* Build configuration list for PBXNativeTarget "CameraPhotoLibray" */;
			buildPhases = (
				A718CC081EFE63E60059C1CA /* Sources */,
				A718CC091EFE63E60059C1CA /* Frameworks */,
				A718CC0A1EFE63E60059C1CA /* Resources */,
			);
			buildRules = (
			);
			dependencies = (
			);
			name = CameraPhotoLibray;
			productName = CameraPhotoLibray;
			productReference = A718CC0C1EFE63E60059C1CA /* CameraPhotoLibray.app */;
			productType = "com.apple.product-type.application";
		};
/* End PBXNativeTarget section */

/* Begin PBXProject section */
		A718CC041EFE63E60059C1CA /* Project object */ = {
			isa = PBXProject;
			attributes = {
				LastSwiftUpdateCheck = 0830;
				LastUpgradeCheck = 0830;
				ORGANIZATIONNAME = "Joshua HyeongwonByun";
				TargetAttributes = {
					A718CC0B1EFE63E60059C1CA = {
						CreatedOnToolsVersion = 8.3.2;
						ProvisioningStyle = Automatic;
					};
				};
			};
			buildConfigurationList = A718CC071EFE63E60059C1CA /* Build configuration list for PBXProject "CameraPhotoLibray" */;
			compatibilityVersion = "Xcode 3.2";
			developmentRegion = English;
			hasScannedForEncodings = 0;
			knownRegions = (
				en,
				Base,
			);
			mainGroup = A718CC031EFE63E60059C1CA;
			productRefGroup = A718CC0D1EFE63E60059C1CA /* Products */;
			projectDirPath = "";
			projectRoot = "";
			targets = (
				A718CC0B1EFE63E60059C1CA /* CameraPhotoLibray */,
			);
		};
/* End PBXProject section */

/* Begin PBXResourcesBuildPhase section */
		A718CC0A1EFE63E60059C1CA /* Resources */ = {
			isa = PBXResourcesBuildPhase;
			buildActionMask = 2147483647;
			files = (
				A718CC1A1EFE63E60059C1CA /* LaunchScreen.storyboard in Resources */,
				A718CC171EFE63E60059C1CA /* Assets.xcassets in Resources */,
				A718CC151EFE63E60059C1CA /* Main.storyboard in Resources */,
			);
			runOnlyForDeploymentPostprocessing = 0;
		};
/* End PBXResourcesBuildPhase section */

/* Begin PBXSourcesBuildPhase section */
		A718CC081EFE63E60059C1CA /* Sources */ = {
			isa = PBXSourcesBuildPhase;
			buildActionMask = 2147483647;
			files = (
				A718CC121EFE63E60059C1CA /* ViewController.swift in Sources */,
				A718CC101EFE63E60059C1CA /* AppDelegate.swift in Sources */,
			);
			runOnlyForDeploymentPostprocessing = 0;
		};
/* End PBXSourcesBuildPhase section */

/* Begin PBXVariantGroup section */
		A718CC131EFE63E60059C1CA /* Main.storyboard */ = {
			isa = PBXVariantGroup;
			children = (
				A718CC141EFE63E60059C1CA /* Base */,
			);
			name = Main.storyboard;
			sourceTree = "<group>";
		};
		A718CC181EFE63E60059C1CA /* LaunchScreen.storyboard */ = {
			isa = PBXVariantGroup;
			children = (
				A718CC191EFE63E60059C1CA /* Base */,
			);
			name = LaunchScreen.storyboard;
			sourceTree = "<group>";
		};
/* End PBXVariantGroup section */

/* Begin XCBuildConfiguration section */
		A718CC1C1EFE63E60059C1CA /* Debug */ = {
			isa = XCBuildConfiguration;
			buildSettings = {
				ALWAYS_SEARCH_USER_PATHS = NO;
				CLANG_ANALYZER_NONNULL = YES;
				CLANG_ANALYZER_NUMBER_OBJECT_CONVERSION = YES_AGGRESSIVE;
				CLANG_CXX_LANGUAGE_STANDARD = "gnu++0x";
				CLANG_CXX_LIBRARY = "libc++";
				CLANG_ENABLE_MODULES = YES;
				CLANG_ENABLE_OBJC_ARC = YES;
				CLANG_WARN_BOOL_CONVERSION = YES;
				CLANG_WARN_CONSTANT_CONVERSION = YES;
				CLANG_WARN_DIRECT_OBJC_ISA_USAGE = YES_ERROR;
				CLANG_WARN_DOCUMENTATION_COMMENTS = YES;
				CLANG_WARN_EMPTY_BODY = YES;
				CLANG_WARN_ENUM_CONVERSION = YES;
				CLANG_WARN_INFINITE_RECURSION = YES;
				CLANG_WARN_INT_CONVERSION = YES;
				CLANG_WARN_OBJC_ROOT_CLASS = YES_ERROR;
				CLANG_WARN_SUSPICIOUS_MOVE = YES;
				CLANG_WARN_UNREACHABLE_CODE = YES;
				CLANG_WARN__DUPLICATE_METHOD_MATCH = YES;
				"CODE_SIGN_IDENTITY[sdk=iphoneos*]" = "iPhone Developer";
				COPY_PHASE_STRIP = NO;
				DEBUG_INFORMATION_FORMAT = dwarf;
				ENABLE_STRICT_OBJC_MSGSEND = YES;
				ENABLE_TESTABILITY = YES;
				GCC_C_LANGUAGE_STANDARD = gnu99;
				GCC_DYNAMIC_NO_PIC = NO;
				GCC_NO_COMMON_BLOCKS = YES;
				GCC_OPTIMIZATION_LEVEL = 0;
				GCC_PREPROCESSOR_DEFINITIONS = (
					"DEBUG=1",
					"$(inherited)",
				);
				GCC_WARN_64_TO_32_BIT_CONVERSION = YES;
				GCC_WARN_ABOUT_RETURN_TYPE = YES_ERROR;
				GCC_WARN_UNDECLARED_SELECTOR = YES;
				GCC_WARN_UNINITIALIZED_AUTOS = YES_AGGRESSIVE;
				GCC_WARN_UNUSED_FUNCTION = YES;
				GCC_WARN_UNUSED_VARIABLE = YES;
				IPHONEOS_DEPLOYMENT_TARGET = 10.3;
				MTL_ENABLE_DEBUG_INFO = YES;
				ONLY_ACTIVE_ARCH = YES;
				SDKROOT = iphoneos;
				SWIFT_ACTIVE_COMPILATION_CONDITIONS = DEBUG;
				SWIFT_OPTIMIZATION_LEVEL = "-Onone";
			};
			name = Debug;
		};
		A718CC1D1EFE63E60059C1CA /* Release */ = {
			isa = XCBuildConfiguration;
			buildSettings = {
				ALWAYS_SEARCH_USER_PATHS = NO;
				CLANG_ANALYZER_NONNULL = YES;
				CLANG_ANALYZER_NUMBER_OBJECT_CONVERSION = YES_AGGRESSIVE;
				CLANG_CXX_LANGUAGE_STANDARD = "gnu++0x";
				CLANG_CXX_LIBRARY = "libc++";
				CLANG_ENABLE_MODULES = YES;
				CLANG_ENABLE_OBJC_ARC = YES;
				CLANG_WARN_BOOL_CONVERSION = YES;
				CLANG_WARN_CONSTANT_CONVERSION = YES;
				CLANG_WARN_DIRECT_OBJC_ISA_USAGE = YES_ERROR;
				CLANG_WARN_DOCUMENTATION_COMMENTS = YES;
				CLANG_WARN_EMPTY_BODY = YES;
				CLANG_WARN_ENUM_CONVERSION = YES;
				CLANG_WARN_INFINITE_RECURSION = YES;
				CLANG_WARN_INT_CONVERSION = YES;
				CLANG_WARN_OBJC_ROOT_CLASS = YES_ERROR;
				CLANG_WARN_SUSPICIOUS_MOVE = YES;
				CLANG_WARN_UNREACHABLE_CODE = YES;
				CLANG_WARN__DUPLICATE_METHOD_MATCH = YES;
				"CODE_SIGN_IDENTITY[sdk=iphoneos*]" = "iPhone Developer";
				COPY_PHASE_STRIP = NO;
				DEBUG_INFORMATION_FORMAT = "dwarf-with-dsym";
				ENABLE_NS_ASSERTIONS = NO;
				ENABLE_STRICT_OBJC_MSGSEND = YES;
				GCC_C_LANGUAGE_STANDARD = gnu99;
				GCC_NO_COMMON_BLOCKS = YES;
				GCC_WARN_64_TO_32_BIT_CONVERSION = YES;
				GCC_WARN_ABOUT_RETURN_TYPE = YES_ERROR;
				GCC_WARN_UNDECLARED_SELECTOR = YES;
				GCC_WARN_UNINITIALIZED_AUTOS = YES_AGGRESSIVE;
				GCC_WARN_UNUSED_FUNCTION = YES;
				GCC_WARN_UNUSED_VARIABLE = YES;
				IPHONEOS_DEPLOYMENT_TARGET = 10.3;
				MTL_ENABLE_DEBUG_INFO = NO;
				SDKROOT = iphoneos;
				SWIFT_OPTIMIZATION_LEVEL = "-Owholemodule";
				VALIDATE_PRODUCT = YES;
			};
			name = Release;
		};
		A718CC1F1EFE63E60059C1CA /* Debug */ = {
			isa = XCBuildConfiguration;
			buildSettings = {
				ASSETCATALOG_COMPILER_APPICON_NAME = AppIcon;
				INFOPLIST_FILE = CameraPhotoLibray/Info.plist;
				LD_RUNPATH_SEARCH_PATHS = "$(inherited) @executable_path/Frameworks";
				PRODUCT_BUNDLE_IDENTIFIER = com.bhw0506.CameraPhotoLibray;
				PRODUCT_NAME = "$(TARGET_NAME)";
				SWIFT_VERSION = 3.0;
			};
			name = Debug;
		};
		A718CC201EFE63E60059C1CA /* Release */ = {
			isa = XCBuildConfiguration;
			buildSettings = {
				ASSETCATALOG_COMPILER_APPICON_NAME = AppIcon;
				INFOPLIST_FILE = CameraPhotoLibray/Info.plist;
				LD_RUNPATH_SEARCH_PATHS = "$(inherited) @executable_path/Frameworks";
				PRODUCT_BUNDLE_IDENTIFIER = com.bhw0506.CameraPhotoLibray;
				PRODUCT_NAME = "$(TARGET_NAME)";
				SWIFT_VERSION = 3.0;
			};
			name = Release;
		};
/* End XCBuildConfiguration section */

/* Begin XCConfigurationList section */
		A718CC071EFE63E60059C1CA /* Build configuration list for PBXProject "CameraPhotoLibray" */ = {
			isa = XCConfigurationList;
			buildConfigurations = (
				A718CC1C1EFE63E60059C1CA /* Debug */,
				A718CC1D1EFE63E60059C1CA /* Release */,
			);
			defaultConfigurationIsVisible = 0;
			defaultConfigurationName = Release;
		};
		A718CC1E1EFE63E60059C1CA /* Build configuration list for PBXNativeTarget "CameraPhotoLibray" */ = {
			isa = XCConfigurationList;
			buildConfigurations = (
				A718CC1F1EFE63E60059C1CA /* Debug */,
				A718CC201EFE63E60059C1CA /* Release */,
			);
			defaultConfigurationIsVisible = 0;
		};
/* End XCConfigurationList section */
	};
	rootObject = A718CC041EFE63E60059C1CA /* Project object */;
}
