// !$*UTF8*$!
{
	archiveVersion = 1;
	classes = {
	};
	objectVersion = 46;
	objects = {

/* Begin PBXBuildFile section */
		A7D738471EDD6C89009DB004 /* AppDelegate.swift in Sources */ = {isa = PBXBuildFile; fileRef = A7D738461EDD6C89009DB004 /* AppDelegate.swift */; };
		A7D738491EDD6C89009DB004 /* ViewController.swift in Sources */ = {isa = PBXBuildFile; fileRef = A7D738481EDD6C89009DB004 /* ViewController.swift */; };
		A7D7384C1EDD6C89009DB004 /* Main.storyboard in Resources */ = {isa = PBXBuildFile; fileRef = A7D7384A1EDD6C89009DB004 /* Main.storyboard */; };
		A7D7384E1EDD6C89009DB004 /* Assets.xcassets in Resources */ = {isa = PBXBuildFile; fileRef = A7D7384D1EDD6C89009DB004 /* Assets.xcassets */; };
		A7D738511EDD6C89009DB004 /* LaunchScreen.storyboard in Resources */ = {isa = PBXBuildFile; fileRef = A7D7384F1EDD6C89009DB004 /* LaunchScreen.storyboard */; };
		A7D7385A1EDD6D7D009DB004 /* 1.jpg in Resources */ = {isa = PBXBuildFile; fileRef = A7D738591EDD6D7D009DB004 /* 1.jpg */; };
		A7D7385C1EDD6D87009DB004 /* 2.jpg in Resources */ = {isa = PBXBuildFile; fileRef = A7D7385B1EDD6D87009DB004 /* 2.jpg */; };
		A7D738641EDD6D95009DB004 /* 3.jpg in Resources */ = {isa = PBXBuildFile; fileRef = A7D7385D1EDD6D95009DB004 /* 3.jpg */; };
		A7D738651EDD6D95009DB004 /* 4.jpg in Resources */ = {isa = PBXBuildFile; fileRef = A7D7385E1EDD6D95009DB004 /* 4.jpg */; };
		A7D738661EDD6D95009DB004 /* 5.jpg in Resources */ = {isa = PBXBuildFile; fileRef = A7D7385F1EDD6D95009DB004 /* 5.jpg */; };
		A7D738671EDD6D95009DB004 /* 6.jpg in Resources */ = {isa = PBXBuildFile; fileRef = A7D738601EDD6D95009DB004 /* 6.jpg */; };
		A7D738681EDD6D95009DB004 /* 7.jpg in Resources */ = {isa = PBXBuildFile; fileRef = A7D738611EDD6D95009DB004 /* 7.jpg */; };
		A7D738691EDD6D95009DB004 /* 8.jpg in Resources */ = {isa = PBXBuildFile; fileRef = A7D738621EDD6D95009DB004 /* 8.jpg */; };
		A7D7386A1EDD6D95009DB004 /* 9.jpg in Resources */ = {isa = PBXBuildFile; fileRef = A7D738631EDD6D95009DB004 /* 9.jpg */; };
/* End PBXBuildFile section */

/* Begin PBXFileReference section */
		A7D738431EDD6C89009DB004 /* PickerView.app */ = {isa = PBXFileReference; explicitFileType = wrapper.application; includeInIndex = 0; path = PickerView.app; sourceTree = BUILT_PRODUCTS_DIR; };
		A7D738461EDD6C89009DB004 /* AppDelegate.swift */ = {isa = PBXFileReference; lastKnownFileType = sourcecode.swift; path = AppDelegate.swift; sourceTree = "<group>"; };
		A7D738481EDD6C89009DB004 /* ViewController.swift */ = {isa = PBXFileReference; lastKnownFileType = sourcecode.swift; path = ViewController.swift; sourceTree = "<group>"; };
		A7D7384B1EDD6C89009DB004 /* Base */ = {isa = PBXFileReference; lastKnownFileType = file.storyboard; name = Base; path = Base.lproj/Main.storyboard; sourceTree = "<group>"; };
		A7D7384D1EDD6C89009DB004 /* Assets.xcassets */ = {isa = PBXFileReference; lastKnownFileType = folder.assetcatalog; path = Assets.xcassets; sourceTree = "<group>"; };
		A7D738501EDD6C89009DB004 /* Base */ = {isa = PBXFileReference; lastKnownFileType = file.storyboard; name = Base; path = Base.lproj/LaunchScreen.storyboard; sourceTree = "<group>"; };
		A7D738521EDD6C89009DB004 /* Info.plist */ = {isa = PBXFileReference; lastKnownFileType = text.plist.xml; path = Info.plist; sourceTree = "<group>"; };
		A7D738591EDD6D7D009DB004 /* 1.jpg */ = {isa = PBXFileReference; lastKnownFileType = image.jpeg; path = 1.jpg; sourceTree = "<group>"; };
		A7D7385B1EDD6D87009DB004 /* 2.jpg */ = {isa = PBXFileReference; lastKnownFileType = image.jpeg; path = 2.jpg; sourceTree = "<group>"; };
		A7D7385D1EDD6D95009DB004 /* 3.jpg */ = {isa = PBXFileReference; lastKnownFileType = image.jpeg; path = 3.jpg; sourceTree = "<group>"; };
		A7D7385E1EDD6D95009DB004 /* 4.jpg */ = {isa = PBXFileReference; lastKnownFileType = image.jpeg; path = 4.jpg; sourceTree = "<group>"; };
		A7D7385F1EDD6D95009DB004 /* 5.jpg */ = {isa = PBXFileReference; lastKnownFileType = image.jpeg; path = 5.jpg; sourceTree = "<group>"; };
		A7D738601EDD6D95009DB004 /* 6.jpg */ = {isa = PBXFileReference; lastKnownFileType = image.jpeg; path = 6.jpg; sourceTree = "<group>"; };
		A7D738611EDD6D95009DB004 /* 7.jpg */ = {isa = PBXFileReference; lastKnownFileType = image.jpeg; path = 7.jpg; sourceTree = "<group>"; };
		A7D738621EDD6D95009DB004 /* 8.jpg */ = {isa = PBXFileReference; lastKnownFileType = image.jpeg; path = 8.jpg; sourceTree = "<group>"; };
		A7D738631EDD6D95009DB004 /* 9.jpg */ = {isa = PBXFileReference; lastKnownFileType = image.jpeg; path = 9.jpg; sourceTree = "<group>"; };
/* End PBXFileReference section */

/* Begin PBXFrameworksBuildPhase section */
		A7D738401EDD6C89009DB004 /* Frameworks */ = {
			isa = PBXFrameworksBuildPhase;
			buildActionMask = 2147483647;
			files = (
			);
			runOnlyForDeploymentPostprocessing = 0;
		};
/* End PBXFrameworksBuildPhase section */

/* Begin PBXGroup section */
		A7D7383A1EDD6C89009DB004 = {
			isa = PBXGroup;
			children = (
				A7D738451EDD6C89009DB004 /* PickerView */,
				A7D738441EDD6C89009DB004 /* Products */,
			);
			sourceTree = "<group>";
		};
		A7D738441EDD6C89009DB004 /* Products */ = {
			isa = PBXGroup;
			children = (
				A7D738431EDD6C89009DB004 /* PickerView.app */,
			);
			name = Products;
			sourceTree = "<group>";
		};
		A7D738451EDD6C89009DB004 /* PickerView */ = {
			isa = PBXGroup;
			children = (
				A7D738581EDD6CB4009DB004 /* images */,
				A7D738461EDD6C89009DB004 /* AppDelegate.swift */,
				A7D738481EDD6C89009DB004 /* ViewController.swift */,
				A7D7384A1EDD6C89009DB004 /* Main.storyboard */,
				A7D7384D1EDD6C89009DB004 /* Assets.xcassets */,
				A7D7384F1EDD6C89009DB004 /* LaunchScreen.storyboard */,
				A7D738521EDD6C89009DB004 /* Info.plist */,
			);
			path = PickerView;
			sourceTree = "<group>";
		};
		A7D738581EDD6CB4009DB004 /* images */ = {
			isa = PBXGroup;
			children = (
				A7D7385D1EDD6D95009DB004 /* 3.jpg */,
				A7D7385E1EDD6D95009DB004 /* 4.jpg */,
				A7D7385F1EDD6D95009DB004 /* 5.jpg */,
				A7D738601EDD6D95009DB004 /* 6.jpg */,
				A7D738611EDD6D95009DB004 /* 7.jpg */,
				A7D738621EDD6D95009DB004 /* 8.jpg */,
				A7D738631EDD6D95009DB004 /* 9.jpg */,
				A7D7385B1EDD6D87009DB004 /* 2.jpg */,
				A7D738591EDD6D7D009DB004 /* 1.jpg */,
			);
			name = images;
			sourceTree = "<group>";
		};
/* End PBXGroup section */

/* Begin PBXNativeTarget section */
		A7D738421EDD6C89009DB004 /* PickerView */ = {
			isa = PBXNativeTarget;
			buildConfigurationList = A7D738551EDD6C89009DB004 /* Build configuration list for PBXNativeTarget "PickerView" */;
			buildPhases = (
				A7D7383F1EDD6C89009DB004 /* Sources */,
				A7D738401EDD6C89009DB004 /* Frameworks */,
				A7D738411EDD6C89009DB004 /* Resources */,
			);
			buildRules = (
			);
			dependencies = (
			);
			name = PickerView;
			productName = PickerView;
			productReference = A7D738431EDD6C89009DB004 /* PickerView.app */;
			productType = "com.apple.product-type.application";
		};
/* End PBXNativeTarget section */

/* Begin PBXProject section */
		A7D7383B1EDD6C89009DB004 /* Project object */ = {
			isa = PBXProject;
			attributes = {
				LastSwiftUpdateCheck = 0830;
				LastUpgradeCheck = 0830;
				ORGANIZATIONNAME = "Joshua HyeongwonByun";
				TargetAttributes = {
					A7D738421EDD6C89009DB004 = {
						CreatedOnToolsVersion = 8.3.2;
						ProvisioningStyle = Automatic;
					};
				};
			};
			buildConfigurationList = A7D7383E1EDD6C89009DB004 /* Build configuration list for PBXProject "PickerView" */;
			compatibilityVersion = "Xcode 3.2";
			developmentRegion = English;
			hasScannedForEncodings = 0;
			knownRegions = (
				en,
				Base,
			);
			mainGroup = A7D7383A1EDD6C89009DB004;
			productRefGroup = A7D738441EDD6C89009DB004 /* Products */;
			projectDirPath = "";
			projectRoot = "";
			targets = (
				A7D738421EDD6C89009DB004 /* PickerView */,
			);
		};
/* End PBXProject section */

/* Begin PBXResourcesBuildPhase section */
		A7D738411EDD6C89009DB004 /* Resources */ = {
			isa = PBXResourcesBuildPhase;
			buildActionMask = 2147483647;
			files = (
				A7D738691EDD6D95009DB004 /* 8.jpg in Resources */,
				A7D738671EDD6D95009DB004 /* 6.jpg in Resources */,
				A7D738511EDD6C89009DB004 /* LaunchScreen.storyboard in Resources */,
				A7D738661EDD6D95009DB004 /* 5.jpg in Resources */,
				A7D738651EDD6D95009DB004 /* 4.jpg in Resources */,
				A7D7385A1EDD6D7D009DB004 /* 1.jpg in Resources */,
				A7D7385C1EDD6D87009DB004 /* 2.jpg in Resources */,
				A7D738641EDD6D95009DB004 /* 3.jpg in Resources */,
				A7D738681EDD6D95009DB004 /* 7.jpg in Resources */,
				A7D7386A1EDD6D95009DB004 /* 9.jpg in Resources */,
				A7D7384E1EDD6C89009DB004 /* Assets.xcassets in Resources */,
				A7D7384C1EDD6C89009DB004 /* Main.storyboard in Resources */,
			);
			runOnlyForDeploymentPostprocessing = 0;
		};
/* End PBXResourcesBuildPhase section */

/* Begin PBXSourcesBuildPhase section */
		A7D7383F1EDD6C89009DB004 /* Sources */ = {
			isa = PBXSourcesBuildPhase;
			buildActionMask = 2147483647;
			files = (
				A7D738491EDD6C89009DB004 /* ViewController.swift in Sources */,
				A7D738471EDD6C89009DB004 /* AppDelegate.swift in Sources */,
			);
			runOnlyForDeploymentPostprocessing = 0;
		};
/* End PBXSourcesBuildPhase section */

/* Begin PBXVariantGroup section */
		A7D7384A1EDD6C89009DB004 /* Main.storyboard */ = {
			isa = PBXVariantGroup;
			children = (
				A7D7384B1EDD6C89009DB004 /* Base */,
			);
			name = Main.storyboard;
			sourceTree = "<group>";
		};
		A7D7384F1EDD6C89009DB004 /* LaunchScreen.storyboard */ = {
			isa = PBXVariantGroup;
			children = (
				A7D738501EDD6C89009DB004 /* Base */,
			);
			name = LaunchScreen.storyboard;
			sourceTree = "<group>";
		};
/* End PBXVariantGroup section */

/* Begin XCBuildConfiguration section */
		A7D738531EDD6C89009DB004 /* Debug */ = {
			isa = XCBuildConfiguration;
			buildSettings = {
				ALWAYS_SEARCH_USER_PATHS = NO;
				CLANG_ANALYZER_NONNULL = YES;
				CLANG_ANALYZER_NUMBER_OBJECT_CONVERSION = YES_AGGRESSIVE;
				CLANG_CXX_LANGUAGE_STANDARD = "gnu++0x";
				CLANG_CXX_LIBRARY = "libc++";
				CLANG_ENABLE_MODULES = YES;
				CLANG_ENABLE_OBJC_ARC = YES;
				CLANG_WARN_BOOL_CONVERSION = YES;
				CLANG_WARN_CONSTANT_CONVERSION = YES;
				CLANG_WARN_DIRECT_OBJC_ISA_USAGE = YES_ERROR;
				CLANG_WARN_DOCUMENTATION_COMMENTS = YES;
				CLANG_WARN_EMPTY_BODY = YES;
				CLANG_WARN_ENUM_CONVERSION = YES;
				CLANG_WARN_INFINITE_RECURSION = YES;
				CLANG_WARN_INT_CONVERSION = YES;
				CLANG_WARN_OBJC_ROOT_CLASS = YES_ERROR;
				CLANG_WARN_SUSPICIOUS_MOVE = YES;
				CLANG_WARN_UNREACHABLE_CODE = YES;
				CLANG_WARN__DUPLICATE_METHOD_MATCH = YES;
				"CODE_SIGN_IDENTITY[sdk=iphoneos*]" = "iPhone Developer";
				COPY_PHASE_STRIP = NO;
				DEBUG_INFORMATION_FORMAT = dwarf;
				ENABLE_STRICT_OBJC_MSGSEND = YES;
				ENABLE_TESTABILITY = YES;
				GCC_C_LANGUAGE_STANDARD = gnu99;
				GCC_DYNAMIC_NO_PIC = NO;
				GCC_NO_COMMON_BLOCKS = YES;
				GCC_OPTIMIZATION_LEVEL = 0;
				GCC_PREPROCESSOR_DEFINITIONS = (
					"DEBUG=1",
					"$(inherited)",
				);
				GCC_WARN_64_TO_32_BIT_CONVERSION = YES;
				GCC_WARN_ABOUT_RETURN_TYPE = YES_ERROR;
				GCC_WARN_UNDECLARED_SELECTOR = YES;
				GCC_WARN_UNINITIALIZED_AUTOS = YES_AGGRESSIVE;
				GCC_WARN_UNUSED_FUNCTION = YES;
				GCC_WARN_UNUSED_VARIABLE = YES;
				IPHONEOS_DEPLOYMENT_TARGET = 10.3;
				MTL_ENABLE_DEBUG_INFO = YES;
				ONLY_ACTIVE_ARCH = YES;
				SDKROOT = iphoneos;
				SWIFT_ACTIVE_COMPILATION_CONDITIONS = DEBUG;
				SWIFT_OPTIMIZATION_LEVEL = "-Onone";
			};
			name = Debug;
		};
		A7D738541EDD6C89009DB004 /* Release */ = {
			isa = XCBuildConfiguration;
			buildSettings = {
				ALWAYS_SEARCH_USER_PATHS = NO;
				CLANG_ANALYZER_NONNULL = YES;
				CLANG_ANALYZER_NUMBER_OBJECT_CONVERSION = YES_AGGRESSIVE;
				CLANG_CXX_LANGUAGE_STANDARD = "gnu++0x";
				CLANG_CXX_LIBRARY = "libc++";
				CLANG_ENABLE_MODULES = YES;
				CLANG_ENABLE_OBJC_ARC = YES;
				CLANG_WARN_BOOL_CONVERSION = YES;
				CLANG_WARN_CONSTANT_CONVERSION = YES;
				CLANG_WARN_DIRECT_OBJC_ISA_USAGE = YES_ERROR;
				CLANG_WARN_DOCUMENTATION_COMMENTS = YES;
				CLANG_WARN_EMPTY_BODY = YES;
				CLANG_WARN_ENUM_CONVERSION = YES;
				CLANG_WARN_INFINITE_RECURSION = YES;
				CLANG_WARN_INT_CONVERSION = YES;
				CLANG_WARN_OBJC_ROOT_CLASS = YES_ERROR;
				CLANG_WARN_SUSPICIOUS_MOVE = YES;
				CLANG_WARN_UNREACHABLE_CODE = YES;
				CLANG_WARN__DUPLICATE_METHOD_MATCH = YES;
				"CODE_SIGN_IDENTITY[sdk=iphoneos*]" = "iPhone Developer";
				COPY_PHASE_STRIP = NO;
				DEBUG_INFORMATION_FORMAT = "dwarf-with-dsym";
				ENABLE_NS_ASSERTIONS = NO;
				ENABLE_STRICT_OBJC_MSGSEND = YES;
				GCC_C_LANGUAGE_STANDARD = gnu99;
				GCC_NO_COMMON_BLOCKS = YES;
				GCC_WARN_64_TO_32_BIT_CONVERSION = YES;
				GCC_WARN_ABOUT_RETURN_TYPE = YES_ERROR;
				GCC_WARN_UNDECLARED_SELECTOR = YES;
				GCC_WARN_UNINITIALIZED_AUTOS = YES_AGGRESSIVE;
				GCC_WARN_UNUSED_FUNCTION = YES;
				GCC_WARN_UNUSED_VARIABLE = YES;
				IPHONEOS_DEPLOYMENT_TARGET = 10.3;
				MTL_ENABLE_DEBUG_INFO = NO;
				SDKROOT = iphoneos;
				SWIFT_OPTIMIZATION_LEVEL = "-Owholemodule";
				VALIDATE_PRODUCT = YES;
			};
			name = Release;
		};
		A7D738561EDD6C89009DB004 /* Debug */ = {
			isa = XCBuildConfiguration;
			buildSettings = {
				ASSETCATALOG_COMPILER_APPICON_NAME = AppIcon;
				INFOPLIST_FILE = PickerView/Info.plist;
				LD_RUNPATH_SEARCH_PATHS = "$(inherited) @executable_path/Frameworks";
				PRODUCT_BUNDLE_IDENTIFIER = com.bhw0506.PickerView;
				PRODUCT_NAME = "$(TARGET_NAME)";
				SWIFT_VERSION = 3.0;
			};
			name = Debug;
		};
		A7D738571EDD6C89009DB004 /* Release */ = {
			isa = XCBuildConfiguration;
			buildSettings = {
				ASSETCATALOG_COMPILER_APPICON_NAME = AppIcon;
				INFOPLIST_FILE = PickerView/Info.plist;
				LD_RUNPATH_SEARCH_PATHS = "$(inherited) @executable_path/Frameworks";
				PRODUCT_BUNDLE_IDENTIFIER = com.bhw0506.PickerView;
				PRODUCT_NAME = "$(TARGET_NAME)";
				SWIFT_VERSION = 3.0;
			};
			name = Release;
		};
/* End XCBuildConfiguration section */

/* Begin XCConfigurationList section */
		A7D7383E1EDD6C89009DB004 /* Build configuration list for PBXProject "PickerView" */ = {
			isa = XCConfigurationList;
			buildConfigurations = (
				A7D738531EDD6C89009DB004 /* Debug */,
				A7D738541EDD6C89009DB004 /* Release */,
			);
			defaultConfigurationIsVisible = 0;
			defaultConfigurationName = Release;
		};
		A7D738551EDD6C89009DB004 /* Build configuration list for PBXNativeTarget "PickerView" */ = {
			isa = XCConfigurationList;
			buildConfigurations = (
				A7D738561EDD6C89009DB004 /* Debug */,
				A7D738571EDD6C89009DB004 /* Release */,
			);
			defaultConfigurationIsVisible = 0;
		};
/* End XCConfigurationList section */
	};
	rootObject = A7D7383B1EDD6C89009DB004 /* Project object */;
}
