// !$*UTF8*$!
{
	archiveVersion = 1;
	classes = {
	};
	objectVersion = 46;
	objects = {

/* Begin PBXBuildFile section */
		A7BE9C031F3726CC007879D7 /* AppDelegate.swift in Sources */ = {isa = PBXBuildFile; fileRef = A7BE9C021F3726CC007879D7 /* AppDelegate.swift */; };
		A7BE9C091F3726CC007879D7 /* GameScene.swift in Sources */ = {isa = PBXBuildFile; fileRef = A7BE9C081F3726CC007879D7 /* GameScene.swift */; };
		A7BE9C0B1F3726CC007879D7 /* GameViewController.swift in Sources */ = {isa = PBXBuildFile; fileRef = A7BE9C0A1F3726CC007879D7 /* GameViewController.swift */; };
		A7BE9C0E1F3726CC007879D7 /* Main.storyboard in Resources */ = {isa = PBXBuildFile; fileRef = A7BE9C0C1F3726CC007879D7 /* Main.storyboard */; };
		A7BE9C131F3726CC007879D7 /* LaunchScreen.storyboard in Resources */ = {isa = PBXBuildFile; fileRef = A7BE9C111F3726CC007879D7 /* LaunchScreen.storyboard */; };
		A7BE9C271F37290E007879D7 /* Assets.xcassets in Resources */ = {isa = PBXBuildFile; fileRef = A7BE9C261F37290E007879D7 /* Assets.xcassets */; };
		A7EBDBE41F37386D0084AD1A /* GameOverScene.swift in Sources */ = {isa = PBXBuildFile; fileRef = A7EBDBE31F37386D0084AD1A /* GameOverScene.swift */; };
/* End PBXBuildFile section */

/* Begin PBXFileReference section */
		A7BE9BFF1F3726CC007879D7 /* SpriteKit_Example.app */ = {isa = PBXFileReference; explicitFileType = wrapper.application; includeInIndex = 0; path = SpriteKit_Example.app; sourceTree = BUILT_PRODUCTS_DIR; };
		A7BE9C021F3726CC007879D7 /* AppDelegate.swift */ = {isa = PBXFileReference; lastKnownFileType = sourcecode.swift; path = AppDelegate.swift; sourceTree = "<group>"; };
		A7BE9C081F3726CC007879D7 /* GameScene.swift */ = {isa = PBXFileReference; lastKnownFileType = sourcecode.swift; path = GameScene.swift; sourceTree = "<group>"; };
		A7BE9C0A1F3726CC007879D7 /* GameViewController.swift */ = {isa = PBXFileReference; lastKnownFileType = sourcecode.swift; path = GameViewController.swift; sourceTree = "<group>"; };
		A7BE9C0D1F3726CC007879D7 /* Base */ = {isa = PBXFileReference; lastKnownFileType = file.storyboard; name = Base; path = Base.lproj/Main.storyboard; sourceTree = "<group>"; };
		A7BE9C121F3726CC007879D7 /* Base */ = {isa = PBXFileReference; lastKnownFileType = file.storyboard; name = Base; path = Base.lproj/LaunchScreen.storyboard; sourceTree = "<group>"; };
		A7BE9C141F3726CC007879D7 /* Info.plist */ = {isa = PBXFileReference; lastKnownFileType = text.plist.xml; path = Info.plist; sourceTree = "<group>"; };
		A7BE9C261F37290E007879D7 /* Assets.xcassets */ = {isa = PBXFileReference; lastKnownFileType = folder.assetcatalog; path = Assets.xcassets; sourceTree = "<group>"; };
		A7BE9C291F372965007879D7 /* background-music-aac.caf */ = {isa = PBXFileReference; lastKnownFileType = file; path = "background-music-aac.caf"; sourceTree = "<group>"; };
		A7BE9C2A1F372965007879D7 /* pew-pew-lei.caf */ = {isa = PBXFileReference; lastKnownFileType = file; path = "pew-pew-lei.caf"; sourceTree = "<group>"; };
		A7EBDBE31F37386D0084AD1A /* GameOverScene.swift */ = {isa = PBXFileReference; fileEncoding = 4; lastKnownFileType = sourcecode.swift; name = GameOverScene.swift; path = ../GameOverScene.swift; sourceTree = "<group>"; };
/* End PBXFileReference section */

/* Begin PBXFrameworksBuildPhase section */
		A7BE9BFC1F3726CC007879D7 /* Frameworks */ = {
			isa = PBXFrameworksBuildPhase;
			buildActionMask = 2147483647;
			files = (
			);
			runOnlyForDeploymentPostprocessing = 0;
		};
/* End PBXFrameworksBuildPhase section */

/* Begin PBXGroup section */
		A7BE9BF61F3726CC007879D7 = {
			isa = PBXGroup;
			children = (
				A7BE9C011F3726CC007879D7 /* SpriteKit_Example */,
				A7BE9C001F3726CC007879D7 /* Products */,
			);
			sourceTree = "<group>";
		};
		A7BE9C001F3726CC007879D7 /* Products */ = {
			isa = PBXGroup;
			children = (
				A7BE9BFF1F3726CC007879D7 /* SpriteKit_Example.app */,
			);
			name = Products;
			sourceTree = "<group>";
		};
		A7BE9C011F3726CC007879D7 /* SpriteKit_Example */ = {
			isa = PBXGroup;
			children = (
				A7BE9C281F372952007879D7 /* sounds */,
				A7EBDBE31F37386D0084AD1A /* GameOverScene.swift */,
				A7BE9C021F3726CC007879D7 /* AppDelegate.swift */,
				A7BE9C081F3726CC007879D7 /* GameScene.swift */,
				A7BE9C0A1F3726CC007879D7 /* GameViewController.swift */,
				A7BE9C0C1F3726CC007879D7 /* Main.storyboard */,
				A7BE9C261F37290E007879D7 /* Assets.xcassets */,
				A7BE9C111F3726CC007879D7 /* LaunchScreen.storyboard */,
				A7BE9C141F3726CC007879D7 /* Info.plist */,
			);
			path = SpriteKit_Example;
			sourceTree = "<group>";
		};
		A7BE9C281F372952007879D7 /* sounds */ = {
			isa = PBXGroup;
			children = (
				A7BE9C291F372965007879D7 /* background-music-aac.caf */,
				A7BE9C2A1F372965007879D7 /* pew-pew-lei.caf */,
			);
			name = sounds;
			sourceTree = "<group>";
		};
/* End PBXGroup section */

/* Begin PBXNativeTarget section */
		A7BE9BFE1F3726CC007879D7 /* SpriteKit_Example */ = {
			isa = PBXNativeTarget;
			buildConfigurationList = A7BE9C171F3726CC007879D7 /* Build configuration list for PBXNativeTarget "SpriteKit_Example" */;
			buildPhases = (
				A7BE9BFB1F3726CC007879D7 /* Sources */,
				A7BE9BFC1F3726CC007879D7 /* Frameworks */,
				A7BE9BFD1F3726CC007879D7 /* Resources */,
			);
			buildRules = (
			);
			dependencies = (
			);
			name = SpriteKit_Example;
			productName = SpriteKit_Example;
			productReference = A7BE9BFF1F3726CC007879D7 /* SpriteKit_Example.app */;
			productType = "com.apple.product-type.application";
		};
/* End PBXNativeTarget section */

/* Begin PBXProject section */
		A7BE9BF71F3726CC007879D7 /* Project object */ = {
			isa = PBXProject;
			attributes = {
				LastSwiftUpdateCheck = 0830;
				LastUpgradeCheck = 0830;
				ORGANIZATIONNAME = "Joshua HyeongwonByun";
				TargetAttributes = {
					A7BE9BFE1F3726CC007879D7 = {
						CreatedOnToolsVersion = 8.3.3;
						ProvisioningStyle = Automatic;
					};
				};
			};
			buildConfigurationList = A7BE9BFA1F3726CC007879D7 /* Build configuration list for PBXProject "SpriteKit_Example" */;
			compatibilityVersion = "Xcode 3.2";
			developmentRegion = English;
			hasScannedForEncodings = 0;
			knownRegions = (
				en,
				Base,
			);
			mainGroup = A7BE9BF61F3726CC007879D7;
			productRefGroup = A7BE9C001F3726CC007879D7 /* Products */;
			projectDirPath = "";
			projectRoot = "";
			targets = (
				A7BE9BFE1F3726CC007879D7 /* SpriteKit_Example */,
			);
		};
/* End PBXProject section */

/* Begin PBXResourcesBuildPhase section */
		A7BE9BFD1F3726CC007879D7 /* Resources */ = {
			isa = PBXResourcesBuildPhase;
			buildActionMask = 2147483647;
			files = (
				A7BE9C0E1F3726CC007879D7 /* Main.storyboard in Resources */,
				A7BE9C131F3726CC007879D7 /* LaunchScreen.storyboard in Resources */,
				A7BE9C271F37290E007879D7 /* Assets.xcassets in Resources */,
			);
			runOnlyForDeploymentPostprocessing = 0;
		};
/* End PBXResourcesBuildPhase section */

/* Begin PBXSourcesBuildPhase section */
		A7BE9BFB1F3726CC007879D7 /* Sources */ = {
			isa = PBXSourcesBuildPhase;
			buildActionMask = 2147483647;
			files = (
				A7BE9C091F3726CC007879D7 /* GameScene.swift in Sources */,
				A7BE9C0B1F3726CC007879D7 /* GameViewController.swift in Sources */,
				A7EBDBE41F37386D0084AD1A /* GameOverScene.swift in Sources */,
				A7BE9C031F3726CC007879D7 /* AppDelegate.swift in Sources */,
			);
			runOnlyForDeploymentPostprocessing = 0;
		};
/* End PBXSourcesBuildPhase section */

/* Begin PBXVariantGroup section */
		A7BE9C0C1F3726CC007879D7 /* Main.storyboard */ = {
			isa = PBXVariantGroup;
			children = (
				A7BE9C0D1F3726CC007879D7 /* Base */,
			);
			name = Main.storyboard;
			sourceTree = "<group>";
		};
		A7BE9C111F3726CC007879D7 /* LaunchScreen.storyboard */ = {
			isa = PBXVariantGroup;
			children = (
				A7BE9C121F3726CC007879D7 /* Base */,
			);
			name = LaunchScreen.storyboard;
			sourceTree = "<group>";
		};
/* End PBXVariantGroup section */

/* Begin XCBuildConfiguration section */
		A7BE9C151F3726CC007879D7 /* Debug */ = {
			isa = XCBuildConfiguration;
			buildSettings = {
				ALWAYS_SEARCH_USER_PATHS = NO;
				CLANG_ANALYZER_NONNULL = YES;
				CLANG_ANALYZER_NUMBER_OBJECT_CONVERSION = YES_AGGRESSIVE;
				CLANG_CXX_LANGUAGE_STANDARD = "gnu++0x";
				CLANG_CXX_LIBRARY = "libc++";
				CLANG_ENABLE_MODULES = YES;
				CLANG_ENABLE_OBJC_ARC = YES;
				CLANG_WARN_BOOL_CONVERSION = YES;
				CLANG_WARN_CONSTANT_CONVERSION = YES;
				CLANG_WARN_DIRECT_OBJC_ISA_USAGE = YES_ERROR;
				CLANG_WARN_DOCUMENTATION_COMMENTS = YES;
				CLANG_WARN_EMPTY_BODY = YES;
				CLANG_WARN_ENUM_CONVERSION = YES;
				CLANG_WARN_INFINITE_RECURSION = YES;
				CLANG_WARN_INT_CONVERSION = YES;
				CLANG_WARN_OBJC_ROOT_CLASS = YES_ERROR;
				CLANG_WARN_SUSPICIOUS_MOVE = YES;
				CLANG_WARN_UNREACHABLE_CODE = YES;
				CLANG_WARN__DUPLICATE_METHOD_MATCH = YES;
				"CODE_SIGN_IDENTITY[sdk=iphoneos*]" = "iPhone Developer";
				COPY_PHASE_STRIP = NO;
				DEBUG_INFORMATION_FORMAT = dwarf;
				ENABLE_STRICT_OBJC_MSGSEND = YES;
				ENABLE_TESTABILITY = YES;
				GCC_C_LANGUAGE_STANDARD = gnu99;
				GCC_DYNAMIC_NO_PIC = NO;
				GCC_NO_COMMON_BLOCKS = YES;
				GCC_OPTIMIZATION_LEVEL = 0;
				GCC_PREPROCESSOR_DEFINITIONS = (
					"DEBUG=1",
					"$(inherited)",
				);
				GCC_WARN_64_TO_32_BIT_CONVERSION = YES;
				GCC_WARN_ABOUT_RETURN_TYPE = YES_ERROR;
				GCC_WARN_UNDECLARED_SELECTOR = YES;
				GCC_WARN_UNINITIALIZED_AUTOS = YES_AGGRESSIVE;
				GCC_WARN_UNUSED_FUNCTION = YES;
				GCC_WARN_UNUSED_VARIABLE = YES;
				IPHONEOS_DEPLOYMENT_TARGET = 10.3;
				MTL_ENABLE_DEBUG_INFO = YES;
				ONLY_ACTIVE_ARCH = YES;
				SDKROOT = iphoneos;
				SWIFT_ACTIVE_COMPILATION_CONDITIONS = DEBUG;
				SWIFT_OPTIMIZATION_LEVEL = "-Onone";
			};
			name = Debug;
		};
		A7BE9C161F3726CC007879D7 /* Release */ = {
			isa = XCBuildConfiguration;
			buildSettings = {
				ALWAYS_SEARCH_USER_PATHS = NO;
				CLANG_ANALYZER_NONNULL = YES;
				CLANG_ANALYZER_NUMBER_OBJECT_CONVERSION = YES_AGGRESSIVE;
				CLANG_CXX_LANGUAGE_STANDARD = "gnu++0x";
				CLANG_CXX_LIBRARY = "libc++";
				CLANG_ENABLE_MODULES = YES;
				CLANG_ENABLE_OBJC_ARC = YES;
				CLANG_WARN_BOOL_CONVERSION = YES;
				CLANG_WARN_CONSTANT_CONVERSION = YES;
				CLANG_WARN_DIRECT_OBJC_ISA_USAGE = YES_ERROR;
				CLANG_WARN_DOCUMENTATION_COMMENTS = YES;
				CLANG_WARN_EMPTY_BODY = YES;
				CLANG_WARN_ENUM_CONVERSION = YES;
				CLANG_WARN_INFINITE_RECURSION = YES;
				CLANG_WARN_INT_CONVERSION = YES;
				CLANG_WARN_OBJC_ROOT_CLASS = YES_ERROR;
				CLANG_WARN_SUSPICIOUS_MOVE = YES;
				CLANG_WARN_UNREACHABLE_CODE = YES;
				CLANG_WARN__DUPLICATE_METHOD_MATCH = YES;
				"CODE_SIGN_IDENTITY[sdk=iphoneos*]" = "iPhone Developer";
				COPY_PHASE_STRIP = NO;
				DEBUG_INFORMATION_FORMAT = "dwarf-with-dsym";
				ENABLE_NS_ASSERTIONS = NO;
				ENABLE_STRICT_OBJC_MSGSEND = YES;
				GCC_C_LANGUAGE_STANDARD = gnu99;
				GCC_NO_COMMON_BLOCKS = YES;
				GCC_WARN_64_TO_32_BIT_CONVERSION = YES;
				GCC_WARN_ABOUT_RETURN_TYPE = YES_ERROR;
				GCC_WARN_UNDECLARED_SELECTOR = YES;
				GCC_WARN_UNINITIALIZED_AUTOS = YES_AGGRESSIVE;
				GCC_WARN_UNUSED_FUNCTION = YES;
				GCC_WARN_UNUSED_VARIABLE = YES;
				IPHONEOS_DEPLOYMENT_TARGET = 10.3;
				MTL_ENABLE_DEBUG_INFO = NO;
				SDKROOT = iphoneos;
				SWIFT_OPTIMIZATION_LEVEL = "-Owholemodule";
				VALIDATE_PRODUCT = YES;
			};
			name = Release;
		};
		A7BE9C181F3726CC007879D7 /* Debug */ = {
			isa = XCBuildConfiguration;
			buildSettings = {
				ASSETCATALOG_COMPILER_APPICON_NAME = AppIcon;
				INFOPLIST_FILE = SpriteKit_Example/Info.plist;
				LD_RUNPATH_SEARCH_PATHS = "$(inherited) @executable_path/Frameworks";
				PRODUCT_BUNDLE_IDENTIFIER = "com.bhw0506.SpriteKit-Example";
				PRODUCT_NAME = "$(TARGET_NAME)";
				SWIFT_VERSION = 3.0;
			};
			name = Debug;
		};
		A7BE9C191F3726CC007879D7 /* Release */ = {
			isa = XCBuildConfiguration;
			buildSettings = {
				ASSETCATALOG_COMPILER_APPICON_NAME = AppIcon;
				INFOPLIST_FILE = SpriteKit_Example/Info.plist;
				LD_RUNPATH_SEARCH_PATHS = "$(inherited) @executable_path/Frameworks";
				PRODUCT_BUNDLE_IDENTIFIER = "com.bhw0506.SpriteKit-Example";
				PRODUCT_NAME = "$(TARGET_NAME)";
				SWIFT_VERSION = 3.0;
			};
			name = Release;
		};
/* End XCBuildConfiguration section */

/* Begin XCConfigurationList section */
		A7BE9BFA1F3726CC007879D7 /* Build configuration list for PBXProject "SpriteKit_Example" */ = {
			isa = XCConfigurationList;
			buildConfigurations = (
				A7BE9C151F3726CC007879D7 /* Debug */,
				A7BE9C161F3726CC007879D7 /* Release */,
			);
			defaultConfigurationIsVisible = 0;
			defaultConfigurationName = Release;
		};
		A7BE9C171F3726CC007879D7 /* Build configuration list for PBXNativeTarget "SpriteKit_Example" */ = {
			isa = XCConfigurationList;
			buildConfigurations = (
				A7BE9C181F3726CC007879D7 /* Debug */,
				A7BE9C191F3726CC007879D7 /* Release */,
			);
			defaultConfigurationIsVisible = 0;
			defaultConfigurationName = Release;
		};
/* End XCConfigurationList section */
	};
	rootObject = A7BE9BF71F3726CC007879D7 /* Project object */;
}
