// !$*UTF8*$!
{
	archiveVersion = 1;
	classes = {
	};
	objectVersion = 46;
	objects = {

/* Begin PBXBuildFile section */
		A700F05B1ED9543B00C8AF76 /* AppDelegate.swift in Sources */ = {isa = PBXBuildFile; fileRef = A700F05A1ED9543B00C8AF76 /* AppDelegate.swift */; };
		A700F05D1ED9543B00C8AF76 /* ViewController.swift in Sources */ = {isa = PBXBuildFile; fileRef = A700F05C1ED9543B00C8AF76 /* ViewController.swift */; };
		A700F0601ED9543B00C8AF76 /* Main.storyboard in Resources */ = {isa = PBXBuildFile; fileRef = A700F05E1ED9543B00C8AF76 /* Main.storyboard */; };
		A700F0621ED9543B00C8AF76 /* Assets.xcassets in Resources */ = {isa = PBXBuildFile; fileRef = A700F0611ED9543B00C8AF76 /* Assets.xcassets */; };
		A700F0651ED9543B00C8AF76 /* LaunchScreen.storyboard in Resources */ = {isa = PBXBuildFile; fileRef = A700F0631ED9543B00C8AF76 /* LaunchScreen.storyboard */; };
		A700F0721ED9588C00C8AF76 /* OffLamp.png in Resources */ = {isa = PBXBuildFile; fileRef = A700F0701ED9588C00C8AF76 /* OffLamp.png */; };
		A700F0731ED9588C00C8AF76 /* OnLamp.png in Resources */ = {isa = PBXBuildFile; fileRef = A700F0711ED9588C00C8AF76 /* OnLamp.png */; };
/* End PBXBuildFile section */

/* Begin PBXFileReference section */
		A700F0571ED9543B00C8AF76 /* ImageView.app */ = {isa = PBXFileReference; explicitFileType = wrapper.application; includeInIndex = 0; path = ImageView.app; sourceTree = BUILT_PRODUCTS_DIR; };
		A700F05A1ED9543B00C8AF76 /* AppDelegate.swift */ = {isa = PBXFileReference; lastKnownFileType = sourcecode.swift; path = AppDelegate.swift; sourceTree = "<group>"; };
		A700F05C1ED9543B00C8AF76 /* ViewController.swift */ = {isa = PBXFileReference; lastKnownFileType = sourcecode.swift; path = ViewController.swift; sourceTree = "<group>"; };
		A700F05F1ED9543B00C8AF76 /* Base */ = {isa = PBXFileReference; lastKnownFileType = file.storyboard; name = Base; path = Base.lproj/Main.storyboard; sourceTree = "<group>"; };
		A700F0611ED9543B00C8AF76 /* Assets.xcassets */ = {isa = PBXFileReference; lastKnownFileType = folder.assetcatalog; path = Assets.xcassets; sourceTree = "<group>"; };
		A700F0641ED9543B00C8AF76 /* Base */ = {isa = PBXFileReference; lastKnownFileType = file.storyboard; name = Base; path = Base.lproj/LaunchScreen.storyboard; sourceTree = "<group>"; };
		A700F0661ED9543B00C8AF76 /* Info.plist */ = {isa = PBXFileReference; lastKnownFileType = text.plist.xml; path = Info.plist; sourceTree = "<group>"; };
		A700F0701ED9588C00C8AF76 /* OffLamp.png */ = {isa = PBXFileReference; lastKnownFileType = image.png; path = OffLamp.png; sourceTree = "<group>"; };
		A700F0711ED9588C00C8AF76 /* OnLamp.png */ = {isa = PBXFileReference; lastKnownFileType = image.png; path = OnLamp.png; sourceTree = "<group>"; };
/* End PBXFileReference section */

/* Begin PBXFrameworksBuildPhase section */
		A700F0541ED9543B00C8AF76 /* Frameworks */ = {
			isa = PBXFrameworksBuildPhase;
			buildActionMask = 2147483647;
			files = (
			);
			runOnlyForDeploymentPostprocessing = 0;
		};
/* End PBXFrameworksBuildPhase section */

/* Begin PBXGroup section */
		A700F04E1ED9543B00C8AF76 = {
			isa = PBXGroup;
			children = (
				A700F0591ED9543B00C8AF76 /* ImageView */,
				A700F0581ED9543B00C8AF76 /* Products */,
			);
			sourceTree = "<group>";
		};
		A700F0581ED9543B00C8AF76 /* Products */ = {
			isa = PBXGroup;
			children = (
				A700F0571ED9543B00C8AF76 /* ImageView.app */,
			);
			name = Products;
			sourceTree = "<group>";
		};
		A700F0591ED9543B00C8AF76 /* ImageView */ = {
			isa = PBXGroup;
			children = (
				A700F05A1ED9543B00C8AF76 /* AppDelegate.swift */,
				A700F05C1ED9543B00C8AF76 /* ViewController.swift */,
				A700F0701ED9588C00C8AF76 /* OffLamp.png */,
				A700F0711ED9588C00C8AF76 /* OnLamp.png */,
				A700F05E1ED9543B00C8AF76 /* Main.storyboard */,
				A700F0611ED9543B00C8AF76 /* Assets.xcassets */,
				A700F0631ED9543B00C8AF76 /* LaunchScreen.storyboard */,
				A700F0661ED9543B00C8AF76 /* Info.plist */,
			);
			path = ImageView;
			sourceTree = "<group>";
		};
/* End PBXGroup section */

/* Begin PBXNativeTarget section */
		A700F0561ED9543B00C8AF76 /* ImageView */ = {
			isa = PBXNativeTarget;
			buildConfigurationList = A700F0691ED9543B00C8AF76 /* Build configuration list for PBXNativeTarget "ImageView" */;
			buildPhases = (
				A700F0531ED9543B00C8AF76 /* Sources */,
				A700F0541ED9543B00C8AF76 /* Frameworks */,
				A700F0551ED9543B00C8AF76 /* Resources */,
			);
			buildRules = (
			);
			dependencies = (
			);
			name = ImageView;
			productName = ImageView;
			productReference = A700F0571ED9543B00C8AF76 /* ImageView.app */;
			productType = "com.apple.product-type.application";
		};
/* End PBXNativeTarget section */

/* Begin PBXProject section */
		A700F04F1ED9543B00C8AF76 /* Project object */ = {
			isa = PBXProject;
			attributes = {
				LastSwiftUpdateCheck = 0730;
				LastUpgradeCheck = 0730;
				ORGANIZATIONNAME = "Joshua HyeongwonByun";
				TargetAttributes = {
					A700F0561ED9543B00C8AF76 = {
						CreatedOnToolsVersion = 7.3.1;
						LastSwiftMigration = 0830;
					};
				};
			};
			buildConfigurationList = A700F0521ED9543B00C8AF76 /* Build configuration list for PBXProject "ImageView" */;
			compatibilityVersion = "Xcode 3.2";
			developmentRegion = English;
			hasScannedForEncodings = 0;
			knownRegions = (
				en,
				Base,
			);
			mainGroup = A700F04E1ED9543B00C8AF76;
			productRefGroup = A700F0581ED9543B00C8AF76 /* Products */;
			projectDirPath = "";
			projectRoot = "";
			targets = (
				A700F0561ED9543B00C8AF76 /* ImageView */,
			);
		};
/* End PBXProject section */

/* Begin PBXResourcesBuildPhase section */
		A700F0551ED9543B00C8AF76 /* Resources */ = {
			isa = PBXResourcesBuildPhase;
			buildActionMask = 2147483647;
			files = (
				A700F0651ED9543B00C8AF76 /* LaunchScreen.storyboard in Resources */,
				A700F0621ED9543B00C8AF76 /* Assets.xcassets in Resources */,
				A700F0601ED9543B00C8AF76 /* Main.storyboard in Resources */,
				A700F0731ED9588C00C8AF76 /* OnLamp.png in Resources */,
				A700F0721ED9588C00C8AF76 /* OffLamp.png in Resources */,
			);
			runOnlyForDeploymentPostprocessing = 0;
		};
/* End PBXResourcesBuildPhase section */

/* Begin PBXSourcesBuildPhase section */
		A700F0531ED9543B00C8AF76 /* Sources */ = {
			isa = PBXSourcesBuildPhase;
			buildActionMask = 2147483647;
			files = (
				A700F05D1ED9543B00C8AF76 /* ViewController.swift in Sources */,
				A700F05B1ED9543B00C8AF76 /* AppDelegate.swift in Sources */,
			);
			runOnlyForDeploymentPostprocessing = 0;
		};
/* End PBXSourcesBuildPhase section */

/* Begin PBXVariantGroup section */
		A700F05E1ED9543B00C8AF76 /* Main.storyboard */ = {
			isa = PBXVariantGroup;
			children = (
				A700F05F1ED9543B00C8AF76 /* Base */,
			);
			name = Main.storyboard;
			sourceTree = "<group>";
		};
		A700F0631ED9543B00C8AF76 /* LaunchScreen.storyboard */ = {
			isa = PBXVariantGroup;
			children = (
				A700F0641ED9543B00C8AF76 /* Base */,
			);
			name = LaunchScreen.storyboard;
			sourceTree = "<group>";
		};
/* End PBXVariantGroup section */

/* Begin XCBuildConfiguration section */
		A700F0671ED9543B00C8AF76 /* Debug */ = {
			isa = XCBuildConfiguration;
			buildSettings = {
				ALWAYS_SEARCH_USER_PATHS = NO;
				CLANG_ANALYZER_NONNULL = YES;
				CLANG_CXX_LANGUAGE_STANDARD = "gnu++0x";
				CLANG_CXX_LIBRARY = "libc++";
				CLANG_ENABLE_MODULES = YES;
				CLANG_ENABLE_OBJC_ARC = YES;
				CLANG_WARN_BOOL_CONVERSION = YES;
				CLANG_WARN_CONSTANT_CONVERSION = YES;
				CLANG_WARN_DIRECT_OBJC_ISA_USAGE = YES_ERROR;
				CLANG_WARN_EMPTY_BODY = YES;
				CLANG_WARN_ENUM_CONVERSION = YES;
				CLANG_WARN_INT_CONVERSION = YES;
				CLANG_WARN_OBJC_ROOT_CLASS = YES_ERROR;
				CLANG_WARN_UNREACHABLE_CODE = YES;
				CLANG_WARN__DUPLICATE_METHOD_MATCH = YES;
				"CODE_SIGN_IDENTITY[sdk=iphoneos*]" = "iPhone Developer";
				COPY_PHASE_STRIP = NO;
				DEBUG_INFORMATION_FORMAT = dwarf;
				ENABLE_STRICT_OBJC_MSGSEND = YES;
				ENABLE_TESTABILITY = YES;
				GCC_C_LANGUAGE_STANDARD = gnu99;
				GCC_DYNAMIC_NO_PIC = NO;
				GCC_NO_COMMON_BLOCKS = YES;
				GCC_OPTIMIZATION_LEVEL = 0;
				GCC_PREPROCESSOR_DEFINITIONS = (
					"DEBUG=1",
					"$(inherited)",
				);
				GCC_WARN_64_TO_32_BIT_CONVERSION = YES;
				GCC_WARN_ABOUT_RETURN_TYPE = YES_ERROR;
				GCC_WARN_UNDECLARED_SELECTOR = YES;
				GCC_WARN_UNINITIALIZED_AUTOS = YES_AGGRESSIVE;
				GCC_WARN_UNUSED_FUNCTION = YES;
				GCC_WARN_UNUSED_VARIABLE = YES;
				IPHONEOS_DEPLOYMENT_TARGET = 9.3;
				MTL_ENABLE_DEBUG_INFO = YES;
				ONLY_ACTIVE_ARCH = YES;
				SDKROOT = iphoneos;
				SWIFT_OPTIMIZATION_LEVEL = "-Onone";
			};
			name = Debug;
		};
		A700F0681ED9543B00C8AF76 /* Release */ = {
			isa = XCBuildConfiguration;
			buildSettings = {
				ALWAYS_SEARCH_USER_PATHS = NO;
				CLANG_ANALYZER_NONNULL = YES;
				CLANG_CXX_LANGUAGE_STANDARD = "gnu++0x";
				CLANG_CXX_LIBRARY = "libc++";
				CLANG_ENABLE_MODULES = YES;
				CLANG_ENABLE_OBJC_ARC = YES;
				CLANG_WARN_BOOL_CONVERSION = YES;
				CLANG_WARN_CONSTANT_CONVERSION = YES;
				CLANG_WARN_DIRECT_OBJC_ISA_USAGE = YES_ERROR;
				CLANG_WARN_EMPTY_BODY = YES;
				CLANG_WARN_ENUM_CONVERSION = YES;
				CLANG_WARN_INT_CONVERSION = YES;
				CLANG_WARN_OBJC_ROOT_CLASS = YES_ERROR;
				CLANG_WARN_UNREACHABLE_CODE = YES;
				CLANG_WARN__DUPLICATE_METHOD_MATCH = YES;
				"CODE_SIGN_IDENTITY[sdk=iphoneos*]" = "iPhone Developer";
				COPY_PHASE_STRIP = NO;
				DEBUG_INFORMATION_FORMAT = "dwarf-with-dsym";
				ENABLE_NS_ASSERTIONS = NO;
				ENABLE_STRICT_OBJC_MSGSEND = YES;
				GCC_C_LANGUAGE_STANDARD = gnu99;
				GCC_NO_COMMON_BLOCKS = YES;
				GCC_WARN_64_TO_32_BIT_CONVERSION = YES;
				GCC_WARN_ABOUT_RETURN_TYPE = YES_ERROR;
				GCC_WARN_UNDECLARED_SELECTOR = YES;
				GCC_WARN_UNINITIALIZED_AUTOS = YES_AGGRESSIVE;
				GCC_WARN_UNUSED_FUNCTION = YES;
				GCC_WARN_UNUSED_VARIABLE = YES;
				IPHONEOS_DEPLOYMENT_TARGET = 9.3;
				MTL_ENABLE_DEBUG_INFO = NO;
				SDKROOT = iphoneos;
				VALIDATE_PRODUCT = YES;
			};
			name = Release;
		};
		A700F06A1ED9543B00C8AF76 /* Debug */ = {
			isa = XCBuildConfiguration;
			buildSettings = {
				ASSETCATALOG_COMPILER_APPICON_NAME = AppIcon;
				INFOPLIST_FILE = ImageView/Info.plist;
				LD_RUNPATH_SEARCH_PATHS = "$(inherited) @executable_path/Frameworks";
				PRODUCT_BUNDLE_IDENTIFIER = com.bhw0506.ImageView;
				PRODUCT_NAME = "$(TARGET_NAME)";
				SWIFT_VERSION = 3.0;
				TARGETED_DEVICE_FAMILY = 1;
			};
			name = Debug;
		};
		A700F06B1ED9543B00C8AF76 /* Release */ = {
			isa = XCBuildConfiguration;
			buildSettings = {
				ASSETCATALOG_COMPILER_APPICON_NAME = AppIcon;
				INFOPLIST_FILE = ImageView/Info.plist;
				LD_RUNPATH_SEARCH_PATHS = "$(inherited) @executable_path/Frameworks";
				PRODUCT_BUNDLE_IDENTIFIER = com.bhw0506.ImageView;
				PRODUCT_NAME = "$(TARGET_NAME)";
				SWIFT_VERSION = 3.0;
				TARGETED_DEVICE_FAMILY = 1;
			};
			name = Release;
		};
/* End XCBuildConfiguration section */

/* Begin XCConfigurationList section */
		A700F0521ED9543B00C8AF76 /* Build configuration list for PBXProject "ImageView" */ = {
			isa = XCConfigurationList;
			buildConfigurations = (
				A700F0671ED9543B00C8AF76 /* Debug */,
				A700F0681ED9543B00C8AF76 /* Release */,
			);
			defaultConfigurationIsVisible = 0;
			defaultConfigurationName = Release;
		};
		A700F0691ED9543B00C8AF76 /* Build configuration list for PBXNativeTarget "ImageView" */ = {
			isa = XCConfigurationList;
			buildConfigurations = (
				A700F06A1ED9543B00C8AF76 /* Debug */,
				A700F06B1ED9543B00C8AF76 /* Release */,
			);
			defaultConfigurationIsVisible = 0;
			defaultConfigurationName = Release;
		};
/* End XCConfigurationList section */
	};
	rootObject = A700F04F1ED9543B00C8AF76 /* Project object */;
}
